// !$*UTF8*$!
{
	archiveVersion = 1;
	classes = {
	};
	objectVersion = 77;
	objects = {

/* Begin PBXFileReference section */
		DFC82C672E5591E5001B0463 /* CustomHashMap.swift */ = {isa = PBXFileReference; lastKnownFileType = sourcecode.swift; path = CustomHashMap.swift; sourceTree = "<group>"; };
		DFDE530A2E3F1F9000BE894C /* Swift_DataStructures_CheatSheet.md */ = {isa = PBXFileReference; lastKnownFileType = net.daringfireball.markdown; path = Swift_DataStructures_CheatSheet.md; sourceTree = "<group>"; };
		DFDEBDC92E41008000BE894C /* Graph.swift */ = {isa = PBXFileReference; lastKnownFileType = sourcecode.swift; path = Graph.swift; sourceTree = "<group>"; };
		DFDEBDCA2E41B2E100BE894C /* DP.swift */ = {isa = PBXFileReference; lastKnownFileType = sourcecode.swift; path = DP.swift; sourceTree = "<group>"; };
		DFDEBDCB2E41B34C00BE894C /* GenricTreeImplementation.swift */ = {isa = PBXFileReference; lastKnownFileType = sourcecode.swift; path = GenricTreeImplementation.swift; sourceTree = "<group>"; };
		DFDEBDCC2E41B5DD00BE894C /* Queue_Custom.swift */ = {isa = PBXFileReference; lastKnownFileType = sourcecode.swift; path = Queue_Custom.swift; sourceTree = "<group>"; };
		DFDEBDCD2E41CE3100BE894C /* PriorityQueueCustom.swift */ = {isa = PBXFileReference; lastKnownFileType = sourcecode.swift; path = PriorityQueueCustom.swift; sourceTree = "<group>"; };
		DFF80E3F2E4B370A00CB343F /* BST.swift */ = {isa = PBXFileReference; lastKnownFileType = sourcecode.swift; path = BST.swift; sourceTree = "<group>"; };
		DFF891552E46131600CB343F /* LinkedList.swift */ = {isa = PBXFileReference; lastKnownFileType = sourcecode.swift; path = LinkedList.swift; sourceTree = "<group>"; };
		DFF891562E463F0A00CB343F /* Stack.swift */ = {isa = PBXFileReference; lastKnownFileType = sourcecode.swift; path = Stack.swift; sourceTree = "<group>"; };
		DFF891572E463FA100CB343F /* Backtracking.swift */ = {isa = PBXFileReference; lastKnownFileType = sourcecode.swift; path = Backtracking.swift; sourceTree = "<group>"; };
		DFF891582E463FE100CB343F /* Arrays.swift */ = {isa = PBXFileReference; lastKnownFileType = sourcecode.swift; path = Arrays.swift; sourceTree = "<group>"; };
		DFF891592E47106800CB343F /* Greedy.swift */ = {isa = PBXFileReference; lastKnownFileType = sourcecode.swift; path = Greedy.swift; sourceTree = "<group>"; };
		DFF891622E487FA200CB343F /* LRUCache.swift */ = {isa = PBXFileReference; lastKnownFileType = sourcecode.swift; path = LRUCache.swift; sourceTree = "<group>"; };
		DFF891632E48BF6D00CB343F /* DoublyLinkedList.swift */ = {isa = PBXFileReference; lastKnownFileType = sourcecode.swift; path = DoublyLinkedList.swift; sourceTree = "<group>"; };
		DFF891642E48D81000CB343F /* GenricTree.swift */ = {isa = PBXFileReference; lastKnownFileType = sourcecode.swift; path = GenricTree.swift; sourceTree = "<group>"; };
		DFF891652E48E6AE00CB343F /* BinaryTree.swift */ = {isa = PBXFileReference; lastKnownFileType = sourcecode.swift; path = BinaryTree.swift; sourceTree = "<group>"; };
		DFF891662E49150D00CB343F /* Graph-Leetcode.swift */ = {isa = PBXFileReference; lastKnownFileType = sourcecode.swift; path = "Graph-Leetcode.swift"; sourceTree = "<group>"; };
/* End PBXFileReference section */

/* Begin PBXFileSystemSynchronizedRootGroup section */
		DF6CEE192E1A63BB007A73AB /* Swift Basics */ = {
			isa = PBXFileSystemSynchronizedRootGroup;
			path = "Swift Basics";
			sourceTree = "<group>";
		};
		DFF8915B2E471A9600CB343F /* DSA Notes */ = {
			isa = PBXFileSystemSynchronizedRootGroup;
			path = "DSA Notes";
			sourceTree = "<group>";
		};
/* End PBXFileSystemSynchronizedRootGroup section */

/* Begin PBXGroup section */
		DF57E9292E4CE98000290A5C /* Arrays and Algorithms */ = {
			isa = PBXGroup;
			children = (
				DFF891582E463FE100CB343F /* Arrays.swift */,
				DFF891592E47106800CB343F /* Greedy.swift */,
				DFF891572E463FA100CB343F /* Backtracking.swift */,
			);
			path = "Arrays and Algorithms";
			sourceTree = "<group>";
		};
		DF7DD8412E16F3ED0009256C = {
			isa = PBXGroup;
			children = (
				DFC82C672E5591E5001B0463 /* CustomHashMap.swift */,
				DF57E9292E4CE98000290A5C /* Arrays and Algorithms */,
				DFF80E3E2E4B36C600CB343F /* Heaps and PriorityQueue */,
				DFF80E3D2E4B36B300CB343F /* Graphs */,
				DFF891612E487F8B00CB343F /* LinkedList */,
				DFF8915F2E471CA000CB343F /* Stack and Queue */,
				DFF8915E2E471C0700CB343F /* Dynamic Programming */,
				DFF8915D2E471BE300CB343F /* Trees, Graphs & Heaps */,
				DFF8915B2E471A9600CB343F /* DSA Notes */,
				DFDE530A2E3F1F9000BE894C /* Swift_DataStructures_CheatSheet.md */,
				DF6CEE192E1A63BB007A73AB /* Swift Basics */,
			);
			sourceTree = "<group>";
		};
		DFF80E3D2E4B36B300CB343F /* Graphs */ = {
			isa = PBXGroup;
			children = (
				DFDEBDC92E41008000BE894C /* Graph.swift */,
				DFF891662E49150D00CB343F /* Graph-Leetcode.swift */,
			);
			path = Graphs;
			sourceTree = "<group>";
		};
		DFF80E3E2E4B36C600CB343F /* Heaps and PriorityQueue */ = {
			isa = PBXGroup;
			children = (
				DFDEBDCD2E41CE3100BE894C /* PriorityQueueCustom.swift */,
			);
			path = "Heaps and PriorityQueue";
			sourceTree = "<group>";
		};
		DFF8915D2E471BE300CB343F /* Trees, Graphs & Heaps */ = {
			isa = PBXGroup;
			children = (
				DFDEBDCB2E41B34C00BE894C /* GenricTreeImplementation.swift */,
				DFF891642E48D81000CB343F /* GenricTree.swift */,
				DFF891652E48E6AE00CB343F /* BinaryTree.swift */,
				DFF80E3F2E4B370A00CB343F /* BST.swift */,
			);
			path = "Trees, Graphs & Heaps";
			sourceTree = "<group>";
		};
		DFF8915E2E471C0700CB343F /* Dynamic Programming */ = {
			isa = PBXGroup;
			children = (
				DFDEBDCA2E41B2E100BE894C /* DP.swift */,
			);
			path = "Dynamic Programming";
			sourceTree = "<group>";
		};
		DFF8915F2E471CA000CB343F /* Stack and Queue */ = {
			isa = PBXGroup;
			children = (
				DFF891562E463F0A00CB343F /* Stack.swift */,
				DFDEBDCC2E41B5DD00BE894C /* Queue_Custom.swift */,
			);
			path = "Stack and Queue";
			sourceTree = "<group>";
		};
		DFF891612E487F8B00CB343F /* LinkedList */ = {
			isa = PBXGroup;
			children = (
				DFF891552E46131600CB343F /* LinkedList.swift */,
				DFF891622E487FA200CB343F /* LRUCache.swift */,
				DFF891632E48BF6D00CB343F /* DoublyLinkedList.swift */,
			);
			path = LinkedList;
			sourceTree = "<group>";
		};
/* End PBXGroup section */

/* Begin PBXProject section */
		DF7DD8422E16F3ED0009256C /* Project object */ = {
			isa = PBXProject;
			attributes = {
				BuildIndependentTargetsInParallel = 1;
				LastUpgradeCheck = 1640;
			};
			buildConfigurationList = DF7DD8452E16F3ED0009256C /* Build configuration list for PBXProject "DSA" */;
			developmentRegion = en;
			hasScannedForEncodings = 0;
			knownRegions = (
				en,
				Base,
			);
			mainGroup = DF7DD8412E16F3ED0009256C;
			minimizedProjectReferenceProxies = 1;
			preferredProjectObjectVersion = 77;
			projectDirPath = "";
			projectRoot = "";
			targets = (
			);
		};
/* End PBXProject section */

/* Begin XCBuildConfiguration section */
		DF7DD8462E16F3ED0009256C /* Debug */ = {
			isa = XCBuildConfiguration;
			buildSettings = {
			};
			name = Debug;
		};
		DF7DD8472E16F3ED0009256C /* Release */ = {
			isa = XCBuildConfiguration;
			buildSettings = {
			};
			name = Release;
		};
/* End XCBuildConfiguration section */

/* Begin XCConfigurationList section */
		DF7DD8452E16F3ED0009256C /* Build configuration list for PBXProject "DSA" */ = {
			isa = XCConfigurationList;
			buildConfigurations = (
				DF7DD8462E16F3ED0009256C /* Debug */,
				DF7DD8472E16F3ED0009256C /* Release */,
			);
			defaultConfigurationIsVisible = 0;
			defaultConfigurationName = Release;
		};
/* End XCConfigurationList section */
	};
	rootObject = DF7DD8422E16F3ED0009256C /* Project object */;
}
